
Microsoft Visual Studio Solution File, Format Version 12.00
# Visual Studio Version 17
VisualStudioVersion = 17.14.36518.9 d17.14
MinimumVisualStudioVersion = 10.0.40219.1
Project("{FAE04EC0-301F-11D3-BF4B-00C04F79EFBC}") = "Calculate", "Calculate\Calculate.csproj", "{B7B3CDE6-07D0-4A7D-987F-F63F2D04A26D}"
EndProject
Global
	GlobalSection(SolutionConfigurationPlatforms) = preSolution
		Debug|Any CPU = Debug|Any CPU
		Release|Any CPU = Release|Any CPU
	EndGlobalSection
	GlobalSection(ProjectConfigurationPlatforms) = postSolution
		{B7B3CDE6-07D0-4A7D-987F-F63F2D04A26D}.Debug|Any CPU.ActiveCfg = Debug|Any CPU
		{B7B3CDE6-07D0-4A7D-987F-F63F2D04A26D}.Debug|Any CPU.Build.0 = Debug|Any CPU
		{B7B3CDE6-07D0-4A7D-987F-F63F2D04A26D}.Release|Any CPU.ActiveCfg = Release|Any CPU
		{B7B3CDE6-07D0-4A7D-987F-F63F2D04A26D}.Release|Any CPU.Build.0 = Release|Any CPU
	EndGlobalSection
	GlobalSection(SolutionProperties) = preSolution
		HideSolutionNode = FALSE
	EndGlobalSection
	GlobalSection(ExtensibilityGlobals) = postSolution
		SolutionGuid = {D1EFC3D0-6EA1-4C57-B800-68567538316D}
	EndGlobalSection
EndGlobal
